
Microsoft Visual Studio Solution File, Format Version 12.00
# Visual Studio Version 16
VisualStudioVersion = 16.0.29326.143
MinimumVisualStudioVersion = 10.0.40219.1
Project("{FAE04EC0-301F-11D3-BF4B-00C04F79EFBC}") = "NPCE_WinClient.UI", "NPCE_WinClient.UI\NPCE_WinClient.UI.csproj", "{3DDB197B-E23D-45DD-A9D9-44572C279686}"
EndProject
Project("{2150E333-8FDC-42A3-9474-1A3956D46DE8}") = "Solution Items", "Solution Items", "{2285A8FF-89D2-45CB-8340-8443DFEB0378}"
EndProject
Project("{FAE04EC0-301F-11D3-BF4B-00C04F79EFBC}") = "NPCE_WinClient.Model", "NPCE_WinClient.Model\NPCE_WinClient.Model.csproj", "{5308BFB4-CCA8-40CF-9D35-941094C5E6BE}"
EndProject
Project("{FAE04EC0-301F-11D3-BF4B-00C04F79EFBC}") = "NPCE_WinClient.DataAccess", "NPCE_WinClient.DataAccess\NPCE_WinClient.DataAccess.csproj", "{72B6B9AC-96B2-40B9-9151-7B1CE73A1A59}"
EndProject
Project("{FAE04EC0-301F-11D3-BF4B-00C04F79EFBC}") = "NPCE_WinClient.Test", "Npce_WinClient.Test\NPCE_WinClient.Test.csproj", "{87465079-50DA-4469-A4F1-C6E6773FFAC7}"
EndProject
Global
	GlobalSection(SolutionConfigurationPlatforms) = preSolution
		Debug|Any CPU = Debug|Any CPU
		Release|Any CPU = Release|Any CPU
	EndGlobalSection
	GlobalSection(ProjectConfigurationPlatforms) = postSolution
		{3DDB197B-E23D-45DD-A9D9-44572C279686}.Debug|Any CPU.ActiveCfg = Debug|Any CPU
		{3DDB197B-E23D-45DD-A9D9-44572C279686}.Debug|Any CPU.Build.0 = Debug|Any CPU
		{3DDB197B-E23D-45DD-A9D9-44572C279686}.Release|Any CPU.ActiveCfg = Release|Any CPU
		{3DDB197B-E23D-45DD-A9D9-44572C279686}.Release|Any CPU.Build.0 = Release|Any CPU
		{5308BFB4-CCA8-40CF-9D35-941094C5E6BE}.Debug|Any CPU.ActiveCfg = Debug|Any CPU
		{5308BFB4-CCA8-40CF-9D35-941094C5E6BE}.Debug|Any CPU.Build.0 = Debug|Any CPU
		{5308BFB4-CCA8-40CF-9D35-941094C5E6BE}.Release|Any CPU.ActiveCfg = Release|Any CPU
		{5308BFB4-CCA8-40CF-9D35-941094C5E6BE}.Release|Any CPU.Build.0 = Release|Any CPU
		{72B6B9AC-96B2-40B9-9151-7B1CE73A1A59}.Debug|Any CPU.ActiveCfg = Debug|Any CPU
		{72B6B9AC-96B2-40B9-9151-7B1CE73A1A59}.Debug|Any CPU.Build.0 = Debug|Any CPU
		{72B6B9AC-96B2-40B9-9151-7B1CE73A1A59}.Release|Any CPU.ActiveCfg = Release|Any CPU
		{72B6B9AC-96B2-40B9-9151-7B1CE73A1A59}.Release|Any CPU.Build.0 = Release|Any CPU
		{87465079-50DA-4469-A4F1-C6E6773FFAC7}.Debug|Any CPU.ActiveCfg = Debug|Any CPU
		{87465079-50DA-4469-A4F1-C6E6773FFAC7}.Debug|Any CPU.Build.0 = Debug|Any CPU
		{87465079-50DA-4469-A4F1-C6E6773FFAC7}.Release|Any CPU.ActiveCfg = Release|Any CPU
		{87465079-50DA-4469-A4F1-C6E6773FFAC7}.Release|Any CPU.Build.0 = Release|Any CPU
	EndGlobalSection
	GlobalSection(SolutionProperties) = preSolution
		HideSolutionNode = FALSE
	EndGlobalSection
	GlobalSection(ExtensibilityGlobals) = postSolution
		SolutionGuid = {E5089BA1-89F5-481F-B8F8-B67F4246DD97}
	EndGlobalSection
EndGlobal
